
Microsoft Visual Studio Solution File, Format Version 12.00
# Visual Studio Version 17
VisualStudioVersion = 17.12.35707.178
MinimumVisualStudioVersion = 10.0.40219.1
Project("{9A19103F-16F7-4668-BE54-9A1E7A4F7556}") = "AwsWrapperDataProvider", "AwsWrapperDataProvider\AwsWrapperDataProvider.csproj", "{34BCC216-048E-45E4-AF7E-B0FC4E81DCC0}"
EndProject
Project("{9A19103F-16F7-4668-BE54-9A1E7A4F7556}") = "AwsWrapperDataProvider.Tests", "AwsWrapperDataProvider.Tests\AwsWrapperDataProvider.Tests.csproj", "{BEB373DA-B92E-46DD-9989-4C7E1C7C5E9A}"
EndProject
Project("{9A19103F-16F7-4668-BE54-9A1E7A4F7556}") = "AwsWrapperDataProvider.EntityFrameworkCore.MySqlConnector", "AwsWrapperDataProvider.EntityFrameworkCore.MySqlConnector\AwsWrapperDataProvider.EntityFrameworkCore.MySqlConnector.csproj", "{33C70E3B-22DF-4EA7-9DF8-FC0545610875}"
EndProject
Project("{9A19103F-16F7-4668-BE54-9A1E7A4F7556}") = "AwsWrapperDataProvider.EntityFrameworkCore.PostgreSQL", "AwsWrapperDataProvider.EntityFrameworkCore.PostgreSQL\AwsWrapperDataProvider.EntityFrameworkCore.PostgreSQL.csproj", "{1B88D898-A88D-428E-91DB-F4BC8716ACE6}"
EndProject
Project("{9A19103F-16F7-4668-BE54-9A1E7A4F7556}") = "AwsWrapperDataProvider.EntityFrameworkCore.MySqlConnector.Tests", "AwsWrapperDataProvider.EntityFrameworkCore.MySqlConnector.Tests\AwsWrapperDataProvider.EntityFrameworkCore.MySqlConnector.Tests.csproj", "{CE32DAF8-37B3-4DD4-9507-709A066AA652}"
EndProject
Project("{9A19103F-16F7-4668-BE54-9A1E7A4F7556}") = "AwsWrapperDataProvider.EntityFrameworkCore.PostgreSQL.Tests", "AwsWrapperDataProvider.EntityFrameworkCore.PostgreSQL.Tests\AwsWrapperDataProvider.EntityFrameworkCore.PostgreSQL.Tests.csproj", "{5A645AE2-191A-4CE9-B22F-D8A0FE3160EC}"
EndProject
Project("{9A19103F-16F7-4668-BE54-9A1E7A4F7556}") = "AwsWrapperDataProvider.Dialect.MySqlClient", "AwsWrapperDataProvider.Dialect.MySqlClient\AwsWrapperDataProvider.Dialect.MySqlClient.csproj", "{6B80F62D-FEB4-4230-A935-548ACB869645}"
EndProject
Project("{9A19103F-16F7-4668-BE54-9A1E7A4F7556}") = "AwsWrapperDataProvider.Dialect.MySqlConnector", "AwsWrapperDataProvider.Dialect.MySqlConnector\AwsWrapperDataProvider.Dialect.MySqlConnector.csproj", "{21DC7C45-17AB-401E-89C2-1E627B4A74F5}"
EndProject
Project("{9A19103F-16F7-4668-BE54-9A1E7A4F7556}") = "AwsWrapperDataProvider.Dialect.Npgsql", "AwsWrapperDataProvider.Dialect.Npgsql\AwsWrapperDataProvider.Dialect.Npgsql.csproj", "{4F9CA690-1374-4766-8BA5-79BFD2F7E3AF}"
EndProject
Project("{FAE04EC0-301F-11D3-BF4B-00C04F79EFBC}") = "AwsWrapperDataProvider.Plugin.Iam", "AwsWrapperDataProvider.Plugin.Iam\AwsWrapperDataProvider.Plugin.Iam.csproj", "{19A2D73C-41C1-4D3F-9729-0E5A60264F0E}"
EndProject
Project("{FAE04EC0-301F-11D3-BF4B-00C04F79EFBC}") = "AwsWrapperDataProvider.Plugin.SecretsManager", "AwsWrapperDataProvider.Plugin.SecretsManager\AwsWrapperDataProvider.Plugin.SecretsManager.csproj", "{EE2FE7E6-6A6C-45E8-93C3-E47D2475DAEC}"
EndProject
Project("{FAE04EC0-301F-11D3-BF4B-00C04F79EFBC}") = "AwsWrapperDataProvider.Plugin.FederatedAuth", "AwsWrapperDataProvider.Plugin.FederatedAuth\AwsWrapperDataProvider.Plugin.FederatedAuth.csproj", "{D87E0507-5E62-4852-BDFC-CB9E167A85FB}"
EndProject
Project("{FAE04EC0-301F-11D3-BF4B-00C04F79EFBC}") = "AwsWrapperDataProvider.Plugin.CustomEndpoint", "AwsWrapperDataProvider.Plugin.CustomEndpoint\AwsWrapperDataProvider.Plugin.CustomEndpoint.csproj", "{C3E1A7B2-8D4F-4E90-B2A1-5F6E7D8C9B0A}"
EndProject
Project("{FAE04EC0-301F-11D3-BF4B-00C04F79EFBC}") = "AwsWrapperDataProvider.NHibernate", "AwsWrapperDataProvider.NHibernate\AwsWrapperDataProvider.NHibernate.csproj", "{241EB8CE-5C2B-44B6-9054-27BA4948BAF0}"
EndProject
Project("{FAE04EC0-301F-11D3-BF4B-00C04F79EFBC}") = "AwsWrapperDataProvider.NHibernate.Tests", "AwsWrapperDataProvider.NHibernate.Tests\AwsWrapperDataProvider.NHibernate.Tests.csproj", "{A1B2C3D4-E5F6-7890-ABCD-EF1234567890}"
EndProject
Project("{FAE04EC0-301F-11D3-BF4B-00C04F79EFBC}") = "MySqlEntityFrameworkExample", "docs\examples\MySqlEntityFrameworkExample\MySqlEntityFrameworkExample.csproj", "{BC7CAF4A-F541-4975-BF06-B053C4E1DB41}"
EndProject
Project("{FAE04EC0-301F-11D3-BF4B-00C04F79EFBC}") = "NHibernateExample", "docs\examples\NHibernateExample\NHibernateExample.csproj", "{E8F9A0B1-C2D3-4E5F-6789-0123456789AB}"
EndProject
Project("{FAE04EC0-301F-11D3-BF4B-00C04F79EFBC}") = "AwsWrapperDataProviderExample", "docs\examples\AwsWrapperDataProviderExample\AwsWrapperDataProviderExample.csproj", "{D87E38B7-7E97-4439-8BD6-915B3DB4178B}"
EndProject
Project("{FAE04EC0-301F-11D3-BF4B-00C04F79EFBC}") = "AwsWrapperDataProvider.Performance.Tests", "AwsWrapperDataProvider.Performance.Tests\AwsWrapperDataProvider.Performance.Tests.csproj", "{1A00C448-9549-4995-9180-C70C908963A5}"
EndProject
Global
	GlobalSection(SolutionConfigurationPlatforms) = preSolution
		Debug|Any CPU = Debug|Any CPU
		Release|Any CPU = Release|Any CPU
	EndGlobalSection
	GlobalSection(ProjectConfigurationPlatforms) = postSolution
		{34BCC216-048E-45E4-AF7E-B0FC4E81DCC0}.Debug|Any CPU.ActiveCfg = Debug|Any CPU
		{34BCC216-048E-45E4-AF7E-B0FC4E81DCC0}.Debug|Any CPU.Build.0 = Debug|Any CPU
		{34BCC216-048E-45E4-AF7E-B0FC4E81DCC0}.Release|Any CPU.ActiveCfg = Release|Any CPU
		{34BCC216-048E-45E4-AF7E-B0FC4E81DCC0}.Release|Any CPU.Build.0 = Release|Any CPU
		{BEB373DA-B92E-46DD-9989-4C7E1C7C5E9A}.Debug|Any CPU.ActiveCfg = Debug|Any CPU
		{BEB373DA-B92E-46DD-9989-4C7E1C7C5E9A}.Debug|Any CPU.Build.0 = Debug|Any CPU
		{BEB373DA-B92E-46DD-9989-4C7E1C7C5E9A}.Release|Any CPU.ActiveCfg = Release|Any CPU
		{BEB373DA-B92E-46DD-9989-4C7E1C7C5E9A}.Release|Any CPU.Build.0 = Release|Any CPU
		{33C70E3B-22DF-4EA7-9DF8-FC0545610875}.Debug|Any CPU.ActiveCfg = Debug|Any CPU
		{33C70E3B-22DF-4EA7-9DF8-FC0545610875}.Debug|Any CPU.Build.0 = Debug|Any CPU
		{33C70E3B-22DF-4EA7-9DF8-FC0545610875}.Release|Any CPU.ActiveCfg = Release|Any CPU
		{33C70E3B-22DF-4EA7-9DF8-FC0545610875}.Release|Any CPU.Build.0 = Release|Any CPU
		{1B88D898-A88D-428E-91DB-F4BC8716ACE6}.Debug|Any CPU.ActiveCfg = Debug|Any CPU
		{1B88D898-A88D-428E-91DB-F4BC8716ACE6}.Debug|Any CPU.Build.0 = Debug|Any CPU
		{1B88D898-A88D-428E-91DB-F4BC8716ACE6}.Release|Any CPU.ActiveCfg = Release|Any CPU
		{1B88D898-A88D-428E-91DB-F4BC8716ACE6}.Release|Any CPU.Build.0 = Release|Any CPU
		{CE32DAF8-37B3-4DD4-9507-709A066AA652}.Debug|Any CPU.ActiveCfg = Debug|Any CPU
		{CE32DAF8-37B3-4DD4-9507-709A066AA652}.Debug|Any CPU.Build.0 = Debug|Any CPU
		{CE32DAF8-37B3-4DD4-9507-709A066AA652}.Release|Any CPU.ActiveCfg = Release|Any CPU
		{CE32DAF8-37B3-4DD4-9507-709A066AA652}.Release|Any CPU.Build.0 = Release|Any CPU
		{5A645AE2-191A-4CE9-B22F-D8A0FE3160EC}.Debug|Any CPU.ActiveCfg = Debug|Any CPU
		{5A645AE2-191A-4CE9-B22F-D8A0FE3160EC}.Debug|Any CPU.Build.0 = Debug|Any CPU
		{5A645AE2-191A-4CE9-B22F-D8A0FE3160EC}.Release|Any CPU.ActiveCfg = Release|Any CPU
		{5A645AE2-191A-4CE9-B22F-D8A0FE3160EC}.Release|Any CPU.Build.0 = Release|Any CPU
		{6B80F62D-FEB4-4230-A935-548ACB869645}.Debug|Any CPU.ActiveCfg = Debug|Any CPU
		{6B80F62D-FEB4-4230-A935-548ACB869645}.Debug|Any CPU.Build.0 = Debug|Any CPU
		{6B80F62D-FEB4-4230-A935-548ACB869645}.Release|Any CPU.ActiveCfg = Release|Any CPU
		{6B80F62D-FEB4-4230-A935-548ACB869645}.Release|Any CPU.Build.0 = Release|Any CPU
		{21DC7C45-17AB-401E-89C2-1E627B4A74F5}.Debug|Any CPU.ActiveCfg = Debug|Any CPU
		{21DC7C45-17AB-401E-89C2-1E627B4A74F5}.Debug|Any CPU.Build.0 = Debug|Any CPU
		{21DC7C45-17AB-401E-89C2-1E627B4A74F5}.Release|Any CPU.ActiveCfg = Release|Any CPU
		{21DC7C45-17AB-401E-89C2-1E627B4A74F5}.Release|Any CPU.Build.0 = Release|Any CPU
		{4F9CA690-1374-4766-8BA5-79BFD2F7E3AF}.Debug|Any CPU.ActiveCfg = Debug|Any CPU
		{4F9CA690-1374-4766-8BA5-79BFD2F7E3AF}.Debug|Any CPU.Build.0 = Debug|Any CPU
		{4F9CA690-1374-4766-8BA5-79BFD2F7E3AF}.Release|Any CPU.ActiveCfg = Release|Any CPU
		{4F9CA690-1374-4766-8BA5-79BFD2F7E3AF}.Release|Any CPU.Build.0 = Release|Any CPU
		{241EB8CE-5C2B-44B6-9054-27BA4948BAF0}.Debug|Any CPU.ActiveCfg = Debug|Any CPU
		{241EB8CE-5C2B-44B6-9054-27BA4948BAF0}.Debug|Any CPU.Build.0 = Debug|Any CPU
		{A1B2C3D4-E5F6-7890-ABCD-EF1234567890}.Debug|Any CPU.ActiveCfg = Debug|Any CPU
		{A1B2C3D4-E5F6-7890-ABCD-EF1234567890}.Debug|Any CPU.Build.0 = Debug|Any CPU
		{19A2D73C-41C1-4D3F-9729-0E5A60264F0E}.Debug|Any CPU.ActiveCfg = Debug|Any CPU
		{19A2D73C-41C1-4D3F-9729-0E5A60264F0E}.Debug|Any CPU.Build.0 = Debug|Any CPU
		{19A2D73C-41C1-4D3F-9729-0E5A60264F0E}.Release|Any CPU.ActiveCfg = Release|Any CPU
		{19A2D73C-41C1-4D3F-9729-0E5A60264F0E}.Release|Any CPU.Build.0 = Release|Any CPU
		{EE2FE7E6-6A6C-45E8-93C3-E47D2475DAEC}.Debug|Any CPU.ActiveCfg = Debug|Any CPU
		{EE2FE7E6-6A6C-45E8-93C3-E47D2475DAEC}.Debug|Any CPU.Build.0 = Debug|Any CPU
		{EE2FE7E6-6A6C-45E8-93C3-E47D2475DAEC}.Release|Any CPU.ActiveCfg = Release|Any CPU
		{EE2FE7E6-6A6C-45E8-93C3-E47D2475DAEC}.Release|Any CPU.Build.0 = Release|Any CPU
		{D87E0507-5E62-4852-BDFC-CB9E167A85FB}.Debug|Any CPU.ActiveCfg = Debug|Any CPU
		{D87E0507-5E62-4852-BDFC-CB9E167A85FB}.Debug|Any CPU.Build.0 = Debug|Any CPU
		{D87E0507-5E62-4852-BDFC-CB9E167A85FB}.Release|Any CPU.ActiveCfg = Release|Any CPU
		{D87E0507-5E62-4852-BDFC-CB9E167A85FB}.Release|Any CPU.Build.0 = Release|Any CPU
		{C3E1A7B2-8D4F-4E90-B2A1-5F6E7D8C9B0A}.Debug|Any CPU.ActiveCfg = Debug|Any CPU
		{C3E1A7B2-8D4F-4E90-B2A1-5F6E7D8C9B0A}.Debug|Any CPU.Build.0 = Debug|Any CPU
		{C3E1A7B2-8D4F-4E90-B2A1-5F6E7D8C9B0A}.Release|Any CPU.ActiveCfg = Release|Any CPU
		{C3E1A7B2-8D4F-4E90-B2A1-5F6E7D8C9B0A}.Release|Any CPU.Build.0 = Release|Any CPU
		{1A00C448-9549-4995-9180-C70C908963A5}.Debug|Any CPU.ActiveCfg = Debug|Any CPU
		{1A00C448-9549-4995-9180-C70C908963A5}.Debug|Any CPU.Build.0 = Debug|Any CPU
		{1A00C448-9549-4995-9180-C70C908963A5}.Release|Any CPU.ActiveCfg = Release|Any CPU
		{1A00C448-9549-4995-9180-C70C908963A5}.Release|Any CPU.Build.0 = Release|Any CPU
	EndGlobalSection
	GlobalSection(SolutionProperties) = preSolution
		HideSolutionNode = FALSE
	EndGlobalSection
	GlobalSection(ExtensibilityGlobals) = postSolution
		SolutionGuid = {5145BB77-A186-4DE2-8A2C-47362A47EF42}
	EndGlobalSection
EndGlobal
